
Microsoft Visual Studio Solution File, Format Version 12.00
# Visual Studio Version 17
VisualStudioVersion = 17.7.34031.279
MinimumVisualStudioVersion = 10.0.40219.1
Project("{2150E333-8FDC-42A3-9474-1A3956D46DE8}") = "src", "src", "{8C2FCCEF-FD05-44DB-B542-9EF0D9CFBE69}"
EndProject
Project("{2150E333-8FDC-42A3-9474-1A3956D46DE8}") = "Api", "Api", "{1128C1A9-335A-42A9-B82D-83081BD83FE4}"
EndProject
Project("{2150E333-8FDC-42A3-9474-1A3956D46DE8}") = "Application", "Application", "{13165CB3-B600-427D-82FB-BDD68DAD9152}"
EndProject
Project("{2150E333-8FDC-42A3-9474-1A3956D46DE8}") = "Domain", "Domain", "{8C10247E-7828-4CB7-8B4B-2D8A28C2D530}"
EndProject
Project("{2150E333-8FDC-42A3-9474-1A3956D46DE8}") = "Infra", "Infra", "{0CD64F52-E01C-4528-BBB4-80EF88D549C5}"
EndProject
Project("{9A19103F-16F7-4668-BE54-9A1E7A4F7556}") = "FinancialControl.Infra.DbMigrator", "src\Infra\FinancialControl.Infra.DbMigrator\FinancialControl.Infra.DbMigrator.csproj", "{F40162D6-A0BD-4361-A72E-B5CA14FEC40B}"
EndProject
Project("{9A19103F-16F7-4668-BE54-9A1E7A4F7556}") = "FinancialControl.Infra.DbMigrator.Runner", "src\Infra\FinancialControl.Infra.DbMigrator.Runner\FinancialControl.Infra.DbMigrator.Runner.csproj", "{577D29F0-7C15-499C-87FF-57F70C1EE05D}"
EndProject
Project("{9A19103F-16F7-4668-BE54-9A1E7A4F7556}") = "FinancialControl.Infra.EntityFramework", "src\Infra\FinancialControl.Infra.EntityFramework\FinancialControl.Infra.EntityFramework.csproj", "{0A932B32-6004-4D54-B0A9-DD2F56E9636B}"
EndProject
Project("{9A19103F-16F7-4668-BE54-9A1E7A4F7556}") = "FinancialControl.Infra.CrossCutting", "src\Infra\FinancialControl.Infra.CrossCutting\FinancialControl.Infra.CrossCutting.csproj", "{AC493854-4B7B-4AC1-A176-F4901FB4D32B}"
EndProject
Project("{9A19103F-16F7-4668-BE54-9A1E7A4F7556}") = "FinancialControl.Domain.Events", "src\Domain\FinancialControl.Domain.Events\FinancialControl.Domain.Events.csproj", "{C0EBDF60-1D80-406A-B2F5-4F09986C0100}"
EndProject
Project("{9A19103F-16F7-4668-BE54-9A1E7A4F7556}") = "FinancialControl.Api", "src\Api\FinancialControl.Api\FinancialControl.Api.csproj", "{A034CD59-E129-4C83-84F2-A80CC7373A10}"
EndProject
Project("{9A19103F-16F7-4668-BE54-9A1E7A4F7556}") = "FinancialControl.Application", "src\Application\FinancialControl.Application\FinancialControl.Application.csproj", "{7C9AAB73-6C8E-413D-89DE-20413F63ED57}"
EndProject
Project("{9A19103F-16F7-4668-BE54-9A1E7A4F7556}") = "FinancialControl.Domain", "src\Domain\FinancialControl.Domain\FinancialControl.Domain.csproj", "{5544D0F0-C07B-4B8A-BD12-997BF8BC743E}"
EndProject
Project("{9A19103F-16F7-4668-BE54-9A1E7A4F7556}") = "FinancialControl.Application.Consumers", "src\Application\FinancialControl.Application.Consumers\FinancialControl.Application.Consumers.csproj", "{46B5A0F2-482C-4BB4-8A3B-29C219235BB5}"
EndProject
Project("{9A19103F-16F7-4668-BE54-9A1E7A4F7556}") = "FinancialControl", "src\FinancialControl\FinancialControl.csproj", "{A819DB3D-2D64-4C04-85F8-027AB26E47D2}"
EndProject
Global
	GlobalSection(SolutionConfigurationPlatforms) = preSolution
		Debug|Any CPU = Debug|Any CPU
		Release|Any CPU = Release|Any CPU
	EndGlobalSection
	GlobalSection(ProjectConfigurationPlatforms) = postSolution
		{F40162D6-A0BD-4361-A72E-B5CA14FEC40B}.Debug|Any CPU.ActiveCfg = Debug|Any CPU
		{F40162D6-A0BD-4361-A72E-B5CA14FEC40B}.Debug|Any CPU.Build.0 = Debug|Any CPU
		{F40162D6-A0BD-4361-A72E-B5CA14FEC40B}.Release|Any CPU.ActiveCfg = Release|Any CPU
		{F40162D6-A0BD-4361-A72E-B5CA14FEC40B}.Release|Any CPU.Build.0 = Release|Any CPU
		{577D29F0-7C15-499C-87FF-57F70C1EE05D}.Debug|Any CPU.ActiveCfg = Debug|Any CPU
		{577D29F0-7C15-499C-87FF-57F70C1EE05D}.Debug|Any CPU.Build.0 = Debug|Any CPU
		{577D29F0-7C15-499C-87FF-57F70C1EE05D}.Release|Any CPU.ActiveCfg = Release|Any CPU
		{577D29F0-7C15-499C-87FF-57F70C1EE05D}.Release|Any CPU.Build.0 = Release|Any CPU
		{0A932B32-6004-4D54-B0A9-DD2F56E9636B}.Debug|Any CPU.ActiveCfg = Debug|Any CPU
		{0A932B32-6004-4D54-B0A9-DD2F56E9636B}.Debug|Any CPU.Build.0 = Debug|Any CPU
		{0A932B32-6004-4D54-B0A9-DD2F56E9636B}.Release|Any CPU.ActiveCfg = Release|Any CPU
		{0A932B32-6004-4D54-B0A9-DD2F56E9636B}.Release|Any CPU.Build.0 = Release|Any CPU
		{AC493854-4B7B-4AC1-A176-F4901FB4D32B}.Debug|Any CPU.ActiveCfg = Debug|Any CPU
		{AC493854-4B7B-4AC1-A176-F4901FB4D32B}.Debug|Any CPU.Build.0 = Debug|Any CPU
		{AC493854-4B7B-4AC1-A176-F4901FB4D32B}.Release|Any CPU.ActiveCfg = Release|Any CPU
		{AC493854-4B7B-4AC1-A176-F4901FB4D32B}.Release|Any CPU.Build.0 = Release|Any CPU
		{C0EBDF60-1D80-406A-B2F5-4F09986C0100}.Debug|Any CPU.ActiveCfg = Debug|Any CPU
		{C0EBDF60-1D80-406A-B2F5-4F09986C0100}.Debug|Any CPU.Build.0 = Debug|Any CPU
		{C0EBDF60-1D80-406A-B2F5-4F09986C0100}.Release|Any CPU.ActiveCfg = Release|Any CPU
		{C0EBDF60-1D80-406A-B2F5-4F09986C0100}.Release|Any CPU.Build.0 = Release|Any CPU
		{A034CD59-E129-4C83-84F2-A80CC7373A10}.Debug|Any CPU.ActiveCfg = Debug|Any CPU
		{A034CD59-E129-4C83-84F2-A80CC7373A10}.Debug|Any CPU.Build.0 = Debug|Any CPU
		{A034CD59-E129-4C83-84F2-A80CC7373A10}.Release|Any CPU.ActiveCfg = Release|Any CPU
		{A034CD59-E129-4C83-84F2-A80CC7373A10}.Release|Any CPU.Build.0 = Release|Any CPU
		{7C9AAB73-6C8E-413D-89DE-20413F63ED57}.Debug|Any CPU.ActiveCfg = Debug|Any CPU
		{7C9AAB73-6C8E-413D-89DE-20413F63ED57}.Debug|Any CPU.Build.0 = Debug|Any CPU
		{7C9AAB73-6C8E-413D-89DE-20413F63ED57}.Release|Any CPU.ActiveCfg = Release|Any CPU
		{7C9AAB73-6C8E-413D-89DE-20413F63ED57}.Release|Any CPU.Build.0 = Release|Any CPU
		{5544D0F0-C07B-4B8A-BD12-997BF8BC743E}.Debug|Any CPU.ActiveCfg = Debug|Any CPU
		{5544D0F0-C07B-4B8A-BD12-997BF8BC743E}.Debug|Any CPU.Build.0 = Debug|Any CPU
		{5544D0F0-C07B-4B8A-BD12-997BF8BC743E}.Release|Any CPU.ActiveCfg = Release|Any CPU
		{5544D0F0-C07B-4B8A-BD12-997BF8BC743E}.Release|Any CPU.Build.0 = Release|Any CPU
		{46B5A0F2-482C-4BB4-8A3B-29C219235BB5}.Debug|Any CPU.ActiveCfg = Debug|Any CPU
		{46B5A0F2-482C-4BB4-8A3B-29C219235BB5}.Debug|Any CPU.Build.0 = Debug|Any CPU
		{46B5A0F2-482C-4BB4-8A3B-29C219235BB5}.Release|Any CPU.ActiveCfg = Release|Any CPU
		{46B5A0F2-482C-4BB4-8A3B-29C219235BB5}.Release|Any CPU.Build.0 = Release|Any CPU
		{A819DB3D-2D64-4C04-85F8-027AB26E47D2}.Debug|Any CPU.ActiveCfg = Debug|Any CPU
		{A819DB3D-2D64-4C04-85F8-027AB26E47D2}.Debug|Any CPU.Build.0 = Debug|Any CPU
		{A819DB3D-2D64-4C04-85F8-027AB26E47D2}.Release|Any CPU.ActiveCfg = Release|Any CPU
		{A819DB3D-2D64-4C04-85F8-027AB26E47D2}.Release|Any CPU.Build.0 = Release|Any CPU
	EndGlobalSection
	GlobalSection(SolutionProperties) = preSolution
		HideSolutionNode = FALSE
	EndGlobalSection
	GlobalSection(NestedProjects) = preSolution
		{1128C1A9-335A-42A9-B82D-83081BD83FE4} = {8C2FCCEF-FD05-44DB-B542-9EF0D9CFBE69}
		{13165CB3-B600-427D-82FB-BDD68DAD9152} = {8C2FCCEF-FD05-44DB-B542-9EF0D9CFBE69}
		{8C10247E-7828-4CB7-8B4B-2D8A28C2D530} = {8C2FCCEF-FD05-44DB-B542-9EF0D9CFBE69}
		{0CD64F52-E01C-4528-BBB4-80EF88D549C5} = {8C2FCCEF-FD05-44DB-B542-9EF0D9CFBE69}
		{F40162D6-A0BD-4361-A72E-B5CA14FEC40B} = {0CD64F52-E01C-4528-BBB4-80EF88D549C5}
		{577D29F0-7C15-499C-87FF-57F70C1EE05D} = {0CD64F52-E01C-4528-BBB4-80EF88D549C5}
		{0A932B32-6004-4D54-B0A9-DD2F56E9636B} = {0CD64F52-E01C-4528-BBB4-80EF88D549C5}
		{AC493854-4B7B-4AC1-A176-F4901FB4D32B} = {0CD64F52-E01C-4528-BBB4-80EF88D549C5}
		{C0EBDF60-1D80-406A-B2F5-4F09986C0100} = {8C10247E-7828-4CB7-8B4B-2D8A28C2D530}
		{A034CD59-E129-4C83-84F2-A80CC7373A10} = {1128C1A9-335A-42A9-B82D-83081BD83FE4}
		{7C9AAB73-6C8E-413D-89DE-20413F63ED57} = {13165CB3-B600-427D-82FB-BDD68DAD9152}
		{5544D0F0-C07B-4B8A-BD12-997BF8BC743E} = {8C10247E-7828-4CB7-8B4B-2D8A28C2D530}
		{46B5A0F2-482C-4BB4-8A3B-29C219235BB5} = {13165CB3-B600-427D-82FB-BDD68DAD9152}
		{A819DB3D-2D64-4C04-85F8-027AB26E47D2} = {8C2FCCEF-FD05-44DB-B542-9EF0D9CFBE69}
	EndGlobalSection
	GlobalSection(ExtensibilityGlobals) = postSolution
		SolutionGuid = {6DBC849F-57BE-4033-9B55-8871458C87FE}
	EndGlobalSection
EndGlobal
